// !$*UTF8*$!
{
	archiveVersion = 1;
	classes = {
	};
	objectVersion = 50;
	objects = {

/* Begin PBXBuildFile section */
		FF225383224BD7AE002ABDF7 /* AppDelegate.swift in Sources */ = {isa = PBXBuildFile; fileRef = FF225382224BD7AE002ABDF7 /* AppDelegate.swift */; };
		FF225385224BD7AE002ABDF7 /* art.scnassets in Resources */ = {isa = PBXBuildFile; fileRef = FF225384224BD7AE002ABDF7 /* art.scnassets */; };
		FF225387224BD7AE002ABDF7 /* ViewController.swift in Sources */ = {isa = PBXBuildFile; fileRef = FF225386224BD7AE002ABDF7 /* ViewController.swift */; };
		FF22538A224BD7AE002ABDF7 /* Main.storyboard in Resources */ = {isa = PBXBuildFile; fileRef = FF225388224BD7AE002ABDF7 /* Main.storyboard */; };
		FF22538C224BD7B1002ABDF7 /* Assets.xcassets in Resources */ = {isa = PBXBuildFile; fileRef = FF22538B224BD7B1002ABDF7 /* Assets.xcassets */; };
		FF22538F224BD7B1002ABDF7 /* LaunchScreen.storyboard in Resources */ = {isa = PBXBuildFile; fileRef = FF22538D224BD7B1002ABDF7 /* LaunchScreen.storyboard */; };
		FF47F00E2251332100CA4B50 /* FastAndFuriousTrailer.mov in Resources */ = {isa = PBXBuildFile; fileRef = FF47F00D2251332100CA4B50 /* FastAndFuriousTrailer.mov */; };
		FF47F0102251373E00CA4B50 /* MatrixTrailer.mov in Resources */ = {isa = PBXBuildFile; fileRef = FF47F00F2251373E00CA4B50 /* MatrixTrailer.mov */; };
/* End PBXBuildFile section */

/* Begin PBXFileReference section */
		FF22537F224BD7AE002ABDF7 /* ARImageTracking-Research.app */ = {isa = PBXFileReference; explicitFileType = wrapper.application; includeInIndex = 0; path = "ARImageTracking-Research.app"; sourceTree = BUILT_PRODUCTS_DIR; };
		FF225382224BD7AE002ABDF7 /* AppDelegate.swift */ = {isa = PBXFileReference; lastKnownFileType = sourcecode.swift; path = AppDelegate.swift; sourceTree = "<group>"; };
		FF225384224BD7AE002ABDF7 /* art.scnassets */ = {isa = PBXFileReference; lastKnownFileType = wrapper.scnassets; path = art.scnassets; sourceTree = "<group>"; };
		FF225386224BD7AE002ABDF7 /* ViewController.swift */ = {isa = PBXFileReference; lastKnownFileType = sourcecode.swift; path = ViewController.swift; sourceTree = "<group>"; };
		FF225389224BD7AE002ABDF7 /* Base */ = {isa = PBXFileReference; lastKnownFileType = file.storyboard; name = Base; path = Base.lproj/Main.storyboard; sourceTree = "<group>"; };
		FF22538B224BD7B1002ABDF7 /* Assets.xcassets */ = {isa = PBXFileReference; lastKnownFileType = folder.assetcatalog; path = Assets.xcassets; sourceTree = "<group>"; };
		FF22538E224BD7B1002ABDF7 /* Base */ = {isa = PBXFileReference; lastKnownFileType = file.storyboard; name = Base; path = Base.lproj/LaunchScreen.storyboard; sourceTree = "<group>"; };
		FF225390224BD7B1002ABDF7 /* Info.plist */ = {isa = PBXFileReference; lastKnownFileType = text.plist.xml; path = Info.plist; sourceTree = "<group>"; };
		FF47F00D2251332100CA4B50 /* FastAndFuriousTrailer.mov */ = {isa = PBXFileReference; lastKnownFileType = video.quicktime; name = FastAndFuriousTrailer.mov; path = ../../Downloads/FastAndFuriousTrailer.mov; sourceTree = "<group>"; };
		FF47F00F2251373E00CA4B50 /* MatrixTrailer.mov */ = {isa = PBXFileReference; lastKnownFileType = video.quicktime; name = MatrixTrailer.mov; path = ../../Downloads/MatrixTrailer.mov; sourceTree = "<group>"; };
/* End PBXFileReference section */

/* Begin PBXFrameworksBuildPhase section */
		FF22537C224BD7AE002ABDF7 /* Frameworks */ = {
			isa = PBXFrameworksBuildPhase;
			buildActionMask = 2147483647;
			files = (
			);
			runOnlyForDeploymentPostprocessing = 0;
		};
/* End PBXFrameworksBuildPhase section */

/* Begin PBXGroup section */
		FF225376224BD7AE002ABDF7 = {
			isa = PBXGroup;
			children = (
				FF47F00F2251373E00CA4B50 /* MatrixTrailer.mov */,
				FF47F00D2251332100CA4B50 /* FastAndFuriousTrailer.mov */,
				FF225381224BD7AE002ABDF7 /* ARImageTracking-Research */,
				FF225380224BD7AE002ABDF7 /* Products */,
			);
			sourceTree = "<group>";
		};
		FF225380224BD7AE002ABDF7 /* Products */ = {
			isa = PBXGroup;
			children = (
				FF22537F224BD7AE002ABDF7 /* ARImageTracking-Research.app */,
			);
			name = Products;
			sourceTree = "<group>";
		};
		FF225381224BD7AE002ABDF7 /* ARImageTracking-Research */ = {
			isa = PBXGroup;
			children = (
				FF225382224BD7AE002ABDF7 /* AppDelegate.swift */,
				FF225384224BD7AE002ABDF7 /* art.scnassets */,
				FF225386224BD7AE002ABDF7 /* ViewController.swift */,
				FF225388224BD7AE002ABDF7 /* Main.storyboard */,
				FF22538B224BD7B1002ABDF7 /* Assets.xcassets */,
				FF22538D224BD7B1002ABDF7 /* LaunchScreen.storyboard */,
				FF225390224BD7B1002ABDF7 /* Info.plist */,
			);
			path = "ARImageTracking-Research";
			sourceTree = "<group>";
		};
/* End PBXGroup section */

/* Begin PBXNativeTarget section */
		FF22537E224BD7AE002ABDF7 /* ARImageTracking-Research */ = {
			isa = PBXNativeTarget;
			buildConfigurationList = FF225393224BD7B1002ABDF7 /* Build configuration list for PBXNativeTarget "ARImageTracking-Research" */;
			buildPhases = (
				FF22537B224BD7AE002ABDF7 /* Sources */,
				FF22537C224BD7AE002ABDF7 /* Frameworks */,
				FF22537D224BD7AE002ABDF7 /* Resources */,
			);
			buildRules = (
			);
			dependencies = (
			);
			name = "ARImageTracking-Research";
			productName = "ARImageTracking-Research";
			productReference = FF22537F224BD7AE002ABDF7 /* ARImageTracking-Research.app */;
			productType = "com.apple.product-type.application";
		};
/* End PBXNativeTarget section */

/* Begin PBXProject section */
		FF225377224BD7AE002ABDF7 /* Project object */ = {
			isa = PBXProject;
			attributes = {
				LastSwiftUpdateCheck = 1010;
				LastUpgradeCheck = 1010;
				ORGANIZATIONNAME = "Michał Wójtowicz";
				TargetAttributes = {
					FF22537E224BD7AE002ABDF7 = {
						CreatedOnToolsVersion = 10.1;
					};
				};
			};
			buildConfigurationList = FF22537A224BD7AE002ABDF7 /* Build configuration list for PBXProject "ARImageTracking-Research" */;
			compatibilityVersion = "Xcode 9.3";
			developmentRegion = en;
			hasScannedForEncodings = 0;
			knownRegions = (
				en,
				Base,
			);
			mainGroup = FF225376224BD7AE002ABDF7;
			productRefGroup = FF225380224BD7AE002ABDF7 /* Products */;
			projectDirPath = "";
			projectRoot = "";
			targets = (
				FF22537E224BD7AE002ABDF7 /* ARImageTracking-Research */,
			);
		};
/* End PBXProject section */

/* Begin PBXResourcesBuildPhase section */
		FF22537D224BD7AE002ABDF7 /* Resources */ = {
			isa = PBXResourcesBuildPhase;
			buildActionMask = 2147483647;
			files = (
				FF47F0102251373E00CA4B50 /* MatrixTrailer.mov in Resources */,
				FF47F00E2251332100CA4B50 /* FastAndFuriousTrailer.mov in Resources */,
				FF225385224BD7AE002ABDF7 /* art.scnassets in Resources */,
				FF22538F224BD7B1002ABDF7 /* LaunchScreen.storyboard in Resources */,
				FF22538C224BD7B1002ABDF7 /* Assets.xcassets in Resources */,
				FF22538A224BD7AE002ABDF7 /* Main.storyboard in Resources */,
			);
			runOnlyForDeploymentPostprocessing = 0;
		};
/* End PBXResourcesBuildPhase section */

/* Begin PBXSourcesBuildPhase section */
		FF22537B224BD7AE002ABDF7 /* Sources */ = {
			isa = PBXSourcesBuildPhase;
			buildActionMask = 2147483647;
			files = (
				FF225387224BD7AE002ABDF7 /* ViewController.swift in Sources */,
				FF225383224BD7AE002ABDF7 /* AppDelegate.swift in Sources */,
			);
			runOnlyForDeploymentPostprocessing = 0;
		};
/* End PBXSourcesBuildPhase section */

/* Begin PBXVariantGroup section */
		FF225388224BD7AE002ABDF7 /* Main.storyboard */ = {
			isa = PBXVariantGroup;
			children = (
				FF225389224BD7AE002ABDF7 /* Base */,
			);
			name = Main.storyboard;
			sourceTree = "<group>";
		};
		FF22538D224BD7B1002ABDF7 /* LaunchScreen.storyboard */ = {
			isa = PBXVariantGroup;
			children = (
				FF22538E224BD7B1002ABDF7 /* Base */,
			);
			name = LaunchScreen.storyboard;
			sourceTree = "<group>";
		};
/* End PBXVariantGroup section */

/* Begin XCBuildConfiguration section */
		FF225391224BD7B1002ABDF7 /* Debug */ = {
			isa = XCBuildConfiguration;
			buildSettings = {
				ALWAYS_SEARCH_USER_PATHS = NO;
				CLANG_ANALYZER_NONNULL = YES;
				CLANG_ANALYZER_NUMBER_OBJECT_CONVERSION = YES_AGGRESSIVE;
				CLANG_CXX_LANGUAGE_STANDARD = "gnu++14";
				CLANG_CXX_LIBRARY = "libc++";
				CLANG_ENABLE_MODULES = YES;
				CLANG_ENABLE_OBJC_ARC = YES;
				CLANG_ENABLE_OBJC_WEAK = YES;
				CLANG_WARN_BLOCK_CAPTURE_AUTORELEASING = YES;
				CLANG_WARN_BOOL_CONVERSION = YES;
				CLANG_WARN_COMMA = YES;
				CLANG_WARN_CONSTANT_CONVERSION = YES;
				CLANG_WARN_DEPRECATED_OBJC_IMPLEMENTATIONS = YES;
				CLANG_WARN_DIRECT_OBJC_ISA_USAGE = YES_ERROR;
				CLANG_WARN_DOCUMENTATION_COMMENTS = YES;
				CLANG_WARN_EMPTY_BODY = YES;
				CLANG_WARN_ENUM_CONVERSION = YES;
				CLANG_WARN_INFINITE_RECURSION = YES;
				CLANG_WARN_INT_CONVERSION = YES;
				CLANG_WARN_NON_LITERAL_NULL_CONVERSION = YES;
				CLANG_WARN_OBJC_IMPLICIT_RETAIN_SELF = YES;
				CLANG_WARN_OBJC_LITERAL_CONVERSION = YES;
				CLANG_WARN_OBJC_ROOT_CLASS = YES_ERROR;
				CLANG_WARN_RANGE_LOOP_ANALYSIS = YES;
				CLANG_WARN_STRICT_PROTOTYPES = YES;
				CLANG_WARN_SUSPICIOUS_MOVE = YES;
				CLANG_WARN_UNGUARDED_AVAILABILITY = YES_AGGRESSIVE;
				CLANG_WARN_UNREACHABLE_CODE = YES;
				CLANG_WARN__DUPLICATE_METHOD_MATCH = YES;
				CODE_SIGN_IDENTITY = "iPhone Developer";
				COPY_PHASE_STRIP = NO;
				DEBUG_INFORMATION_FORMAT = dwarf;
				ENABLE_STRICT_OBJC_MSGSEND = YES;
				ENABLE_TESTABILITY = YES;
				GCC_C_LANGUAGE_STANDARD = gnu11;
				GCC_DYNAMIC_NO_PIC = NO;
				GCC_NO_COMMON_BLOCKS = YES;
				GCC_OPTIMIZATION_LEVEL = 0;
				GCC_PREPROCESSOR_DEFINITIONS = (
					"DEBUG=1",
					"$(inherited)",
				);
				GCC_WARN_64_TO_32_BIT_CONVERSION = YES;
				GCC_WARN_ABOUT_RETURN_TYPE = YES_ERROR;
				GCC_WARN_UNDECLARED_SELECTOR = YES;
				GCC_WARN_UNINITIALIZED_AUTOS = YES_AGGRESSIVE;
				GCC_WARN_UNUSED_FUNCTION = YES;
				GCC_WARN_UNUSED_VARIABLE = YES;
				IPHONEOS_DEPLOYMENT_TARGET = 12.1;
				MTL_ENABLE_DEBUG_INFO = INCLUDE_SOURCE;
				MTL_FAST_MATH = YES;
				ONLY_ACTIVE_ARCH = YES;
				SDKROOT = iphoneos;
				SWIFT_ACTIVE_COMPILATION_CONDITIONS = DEBUG;
				SWIFT_OPTIMIZATION_LEVEL = "-Onone";
			};
			name = Debug;
		};
		FF225392224BD7B1002ABDF7 /* Release */ = {
			isa = XCBuildConfiguration;
			buildSettings = {
				ALWAYS_SEARCH_USER_PATHS = NO;
				CLANG_ANALYZER_NONNULL = YES;
				CLANG_ANALYZER_NUMBER_OBJECT_CONVERSION = YES_AGGRESSIVE;
				CLANG_CXX_LANGUAGE_STANDARD = "gnu++14";
				CLANG_CXX_LIBRARY = "libc++";
				CLANG_ENABLE_MODULES = YES;
				CLANG_ENABLE_OBJC_ARC = YES;
				CLANG_ENABLE_OBJC_WEAK = YES;
				CLANG_WARN_BLOCK_CAPTURE_AUTORELEASING = YES;
				CLANG_WARN_BOOL_CONVERSION = YES;
				CLANG_WARN_COMMA = YES;
				CLANG_WARN_CONSTANT_CONVERSION = YES;
				CLANG_WARN_DEPRECATED_OBJC_IMPLEMENTATIONS = YES;
				CLANG_WARN_DIRECT_OBJC_ISA_USAGE = YES_ERROR;
				CLANG_WARN_DOCUMENTATION_COMMENTS = YES;
				CLANG_WARN_EMPTY_BODY = YES;
				CLANG_WARN_ENUM_CONVERSION = YES;
				CLANG_WARN_INFINITE_RECURSION = YES;
				CLANG_WARN_INT_CONVERSION = YES;
				CLANG_WARN_NON_LITERAL_NULL_CONVERSION = YES;
				CLANG_WARN_OBJC_IMPLICIT_RETAIN_SELF = YES;
				CLANG_WARN_OBJC_LITERAL_CONVERSION = YES;
				CLANG_WARN_OBJC_ROOT_CLASS = YES_ERROR;
				CLANG_WARN_RANGE_LOOP_ANALYSIS = YES;
				CLANG_WARN_STRICT_PROTOTYPES = YES;
				CLANG_WARN_SUSPICIOUS_MOVE = YES;
				CLANG_WARN_UNGUARDED_AVAILABILITY = YES_AGGRESSIVE;
				CLANG_WARN_UNREACHABLE_CODE = YES;
				CLANG_WARN__DUPLICATE_METHOD_MATCH = YES;
				CODE_SIGN_IDENTITY = "iPhone Developer";
				COPY_PHASE_STRIP = NO;
				DEBUG_INFORMATION_FORMAT = "dwarf-with-dsym";
				ENABLE_NS_ASSERTIONS = NO;
				ENABLE_STRICT_OBJC_MSGSEND = YES;
				GCC_C_LANGUAGE_STANDARD = gnu11;
				GCC_NO_COMMON_BLOCKS = YES;
				GCC_WARN_64_TO_32_BIT_CONVERSION = YES;
				GCC_WARN_ABOUT_RETURN_TYPE = YES_ERROR;
				GCC_WARN_UNDECLARED_SELECTOR = YES;
				GCC_WARN_UNINITIALIZED_AUTOS = YES_AGGRESSIVE;
				GCC_WARN_UNUSED_FUNCTION = YES;
				GCC_WARN_UNUSED_VARIABLE = YES;
				IPHONEOS_DEPLOYMENT_TARGET = 12.1;
				MTL_ENABLE_DEBUG_INFO = NO;
				MTL_FAST_MATH = YES;
				SDKROOT = iphoneos;
				SWIFT_COMPILATION_MODE = wholemodule;
				SWIFT_OPTIMIZATION_LEVEL = "-O";
				VALIDATE_PRODUCT = YES;
			};
			name = Release;
		};
		FF225394224BD7B1002ABDF7 /* Debug */ = {
			isa = XCBuildConfiguration;
			buildSettings = {
				ASSETCATALOG_COMPILER_APPICON_NAME = AppIcon;
				CODE_SIGN_STYLE = Automatic;
				DEVELOPMENT_TEAM = XNR2HTH9R9;
				INFOPLIST_FILE = "ARImageTracking-Research/Info.plist";
				LD_RUNPATH_SEARCH_PATHS = (
					"$(inherited)",
					"@executable_path/Frameworks",
				);
				PRODUCT_BUNDLE_IDENTIFIER = "com.michal.wojtowicz.ARImageTracking-Research";
				PRODUCT_NAME = "$(TARGET_NAME)";
				SWIFT_VERSION = 4.2;
				TARGETED_DEVICE_FAMILY = "1,2";
			};
			name = Debug;
		};
		FF225395224BD7B1002ABDF7 /* Release */ = {
			isa = XCBuildConfiguration;
			buildSettings = {
				ASSETCATALOG_COMPILER_APPICON_NAME = AppIcon;
				CODE_SIGN_STYLE = Automatic;
				DEVELOPMENT_TEAM = XNR2HTH9R9;
				INFOPLIST_FILE = "ARImageTracking-Research/Info.plist";
				LD_RUNPATH_SEARCH_PATHS = (
					"$(inherited)",
					"@executable_path/Frameworks",
				);
				PRODUCT_BUNDLE_IDENTIFIER = "com.michal.wojtowicz.ARImageTracking-Research";
				PRODUCT_NAME = "$(TARGET_NAME)";
				SWIFT_VERSION = 4.2;
				TARGETED_DEVICE_FAMILY = "1,2";
			};
			name = Release;
		};
/* End XCBuildConfiguration section */

/* Begin XCConfigurationList section */
		FF22537A224BD7AE002ABDF7 /* Build configuration list for PBXProject "ARImageTracking-Research" */ = {
			isa = XCConfigurationList;
			buildConfigurations = (
				FF225391224BD7B1002ABDF7 /* Debug */,
				FF225392224BD7B1002ABDF7 /* Release */,
			);
			defaultConfigurationIsVisible = 0;
			defaultConfigurationName = Release;
		};
		FF225393224BD7B1002ABDF7 /* Build configuration list for PBXNativeTarget "ARImageTracking-Research" */ = {
			isa = XCConfigurationList;
			buildConfigurations = (
				FF225394224BD7B1002ABDF7 /* Debug */,
				FF225395224BD7B1002ABDF7 /* Release */,
			);
			defaultConfigurationIsVisible = 0;
			defaultConfigurationName = Release;
		};
/* End XCConfigurationList section */
	};
	rootObject = FF225377224BD7AE002ABDF7 /* Project object */;
}
